
Microsoft Visual Studio Solution File, Format Version 12.00
# Visual Studio Version 16
VisualStudioVersion = 16.0.31005.135
MinimumVisualStudioVersion = 10.0.40219.1
Project("{FAE04EC0-301F-11D3-BF4B-00C04F79EFBC}") = "windowslighshotget", "windowslighshotget\windowslighshotget.csproj", "{BA5DB68A-6974-492D-9B08-983777A9A72B}"
EndProject
Global
	GlobalSection(SolutionConfigurationPlatforms) = preSolution
		Debug|Any CPU = Debug|Any CPU
		Release|Any CPU = Release|Any CPU
	EndGlobalSection
	GlobalSection(ProjectConfigurationPlatforms) = postSolution
		{BA5DB68A-6974-492D-9B08-983777A9A72B}.Debug|Any CPU.ActiveCfg = Debug|Any CPU
		{BA5DB68A-6974-492D-9B08-983777A9A72B}.Debug|Any CPU.Build.0 = Debug|Any CPU
		{BA5DB68A-6974-492D-9B08-983777A9A72B}.Release|Any CPU.ActiveCfg = Release|Any CPU
		{BA5DB68A-6974-492D-9B08-983777A9A72B}.Release|Any CPU.Build.0 = Release|Any CPU
	EndGlobalSection
	GlobalSection(SolutionProperties) = preSolution
		HideSolutionNode = FALSE
	EndGlobalSection
	GlobalSection(ExtensibilityGlobals) = postSolution
		SolutionGuid = {51C98EAB-342E-48EC-BD0D-0925C56A2EAD}
	EndGlobalSection
EndGlobal
